
Microsoft Visual Studio Solution File, Format Version 12.00
# Visual Studio Version 17
VisualStudioVersion = 17.4.32916.344
MinimumVisualStudioVersion = 10.0.40219.1
Project("{9A19103F-16F7-4668-BE54-9A1E7A4F7556}") = "SubtitleBytesClearFormatting", "SubtitleBytesClearFormatting\SubtitleBytesClearFormatting.csproj", "{0080C887-D2AD-4098-B9B5-56822605553A}"
EndProject
Project("{FAE04EC0-301F-11D3-BF4B-00C04F79EFBC}") = "SubtitleBytesClearFormattingTest", "SubtitleBytesClearFormattingTest\SubtitleBytesClearFormattingTest.csproj", "{29D69A4A-ACA4-4523-8C6B-A47C2DE636F3}"
EndProject
Global
	GlobalSection(SolutionConfigurationPlatforms) = preSolution
		Debug|Any CPU = Debug|Any CPU
		Release|Any CPU = Release|Any CPU
	EndGlobalSection
	GlobalSection(ProjectConfigurationPlatforms) = postSolution
		{0080C887-D2AD-4098-B9B5-56822605553A}.Debug|Any CPU.ActiveCfg = Debug|Any CPU
		{0080C887-D2AD-4098-B9B5-56822605553A}.Debug|Any CPU.Build.0 = Debug|Any CPU
		{0080C887-D2AD-4098-B9B5-56822605553A}.Release|Any CPU.ActiveCfg = Release|Any CPU
		{0080C887-D2AD-4098-B9B5-56822605553A}.Release|Any CPU.Build.0 = Release|Any CPU
		{29D69A4A-ACA4-4523-8C6B-A47C2DE636F3}.Debug|Any CPU.ActiveCfg = Debug|Any CPU
		{29D69A4A-ACA4-4523-8C6B-A47C2DE636F3}.Debug|Any CPU.Build.0 = Debug|Any CPU
		{29D69A4A-ACA4-4523-8C6B-A47C2DE636F3}.Release|Any CPU.ActiveCfg = Release|Any CPU
		{29D69A4A-ACA4-4523-8C6B-A47C2DE636F3}.Release|Any CPU.Build.0 = Release|Any CPU
	EndGlobalSection
	GlobalSection(SolutionProperties) = preSolution
		HideSolutionNode = FALSE
	EndGlobalSection
	GlobalSection(ExtensibilityGlobals) = postSolution
		SolutionGuid = {EF87E703-A93F-40AD-B5FE-6D89AE46C329}
	EndGlobalSection
EndGlobal
